// !$*UTF8*$!
{
	archiveVersion = 1;
	classes = {
	};
	objectVersion = 46;
	objects = {

/* Begin PBXBuildFile section */
		4A3067E91BC6C75700FA8A47 /* AppDelegate.swift in Sources */ = {isa = PBXBuildFile; fileRef = 4A3067E81BC6C75700FA8A47 /* AppDelegate.swift */; };
		4A3067EB1BC6C75700FA8A47 /* ViewController.swift in Sources */ = {isa = PBXBuildFile; fileRef = 4A3067EA1BC6C75700FA8A47 /* ViewController.swift */; };
		4A3067EE1BC6C75700FA8A47 /* Main.storyboard in Resources */ = {isa = PBXBuildFile; fileRef = 4A3067EC1BC6C75700FA8A47 /* Main.storyboard */; };
		4A3067F01BC6C75700FA8A47 /* Assets.xcassets in Resources */ = {isa = PBXBuildFile; fileRef = 4A3067EF1BC6C75700FA8A47 /* Assets.xcassets */; };
		4A3067F31BC6C75700FA8A47 /* LaunchScreen.storyboard in Resources */ = {isa = PBXBuildFile; fileRef = 4A3067F11BC6C75700FA8A47 /* LaunchScreen.storyboard */; };
		4A48F8D11BD8F35F0048AA65 /* SettingsViewController.swift in Sources */ = {isa = PBXBuildFile; fileRef = 4A48F8D01BD8F35F0048AA65 /* SettingsViewController.swift */; };
		EF25C7011BE15590007C8E24 /* Magnetometer.swift in Sources */ = {isa = PBXBuildFile; fileRef = EF25C7001BE15590007C8E24 /* Magnetometer.swift */; };
		EF25C70E1BE533C8007C8E24 /* Charts.framework in Frameworks */ = {isa = PBXBuildFile; fileRef = EF25C7091BE20C39007C8E24 /* Charts.framework */; };
		EF25C70F1BE533C8007C8E24 /* Charts.framework in Embed Frameworks */ = {isa = PBXBuildFile; fileRef = EF25C7091BE20C39007C8E24 /* Charts.framework */; settings = {ATTRIBUTES = (CodeSignOnCopy, RemoveHeadersOnCopy, ); }; };
/* End PBXBuildFile section */

/* Begin PBXContainerItemProxy section */
		EF25C7081BE20C39007C8E24 /* PBXContainerItemProxy */ = {
			isa = PBXContainerItemProxy;
			containerPortal = EF25C7021BE20C39007C8E24 /* Charts.xcodeproj */;
			proxyType = 2;
			remoteGlobalIDString = 5BA8EC401A9D14DC00CE82E1;
			remoteInfo = "Charts-iOS";
		};
		EF25C70A1BE20C39007C8E24 /* PBXContainerItemProxy */ = {
			isa = PBXContainerItemProxy;
			containerPortal = EF25C7021BE20C39007C8E24 /* Charts.xcodeproj */;
			proxyType = 2;
			remoteGlobalIDString = A52C5C371BAC5CA400594CDD;
			remoteInfo = "Charts-TV";
		};
		EF25C70C1BE20C39007C8E24 /* PBXContainerItemProxy */ = {
			isa = PBXContainerItemProxy;
			containerPortal = EF25C7021BE20C39007C8E24 /* Charts.xcodeproj */;
			proxyType = 2;
			remoteGlobalIDString = 06AEE7A21BDC3F8B009875AE;
			remoteInfo = ChartsTests;
		};
		EF25C7101BE533C8007C8E24 /* PBXContainerItemProxy */ = {
			isa = PBXContainerItemProxy;
			containerPortal = EF25C7021BE20C39007C8E24 /* Charts.xcodeproj */;
			proxyType = 1;
			remoteGlobalIDString = 5BA8EC3F1A9D14DC00CE82E1;
			remoteInfo = "Charts-iOS";
		};
/* End PBXContainerItemProxy section */

/* Begin PBXCopyFilesBuildPhase section */
		EF25C7121BE533C8007C8E24 /* Embed Frameworks */ = {
			isa = PBXCopyFilesBuildPhase;
			buildActionMask = 2147483647;
			dstPath = "";
			dstSubfolderSpec = 10;
			files = (
				EF25C70F1BE533C8007C8E24 /* Charts.framework in Embed Frameworks */,
			);
			name = "Embed Frameworks";
			runOnlyForDeploymentPostprocessing = 0;
		};
/* End PBXCopyFilesBuildPhase section */

/* Begin PBXFileReference section */
		4A3067E51BC6C75700FA8A47 /* MyTeslaMeter.app */ = {isa = PBXFileReference; explicitFileType = wrapper.application; includeInIndex = 0; path = MyTeslaMeter.app; sourceTree = BUILT_PRODUCTS_DIR; };
		4A3067E81BC6C75700FA8A47 /* AppDelegate.swift */ = {isa = PBXFileReference; lastKnownFileType = sourcecode.swift; path = AppDelegate.swift; sourceTree = "<group>"; };
		4A3067EA1BC6C75700FA8A47 /* ViewController.swift */ = {isa = PBXFileReference; lastKnownFileType = sourcecode.swift; path = ViewController.swift; sourceTree = "<group>"; };
		4A3067ED1BC6C75700FA8A47 /* Base */ = {isa = PBXFileReference; lastKnownFileType = file.storyboard; name = Base; path = Base.lproj/Main.storyboard; sourceTree = "<group>"; };
		4A3067EF1BC6C75700FA8A47 /* Assets.xcassets */ = {isa = PBXFileReference; lastKnownFileType = folder.assetcatalog; path = Assets.xcassets; sourceTree = "<group>"; };
		4A3067F21BC6C75700FA8A47 /* Base */ = {isa = PBXFileReference; lastKnownFileType = file.storyboard; name = Base; path = Base.lproj/LaunchScreen.storyboard; sourceTree = "<group>"; };
		4A3067F41BC6C75700FA8A47 /* Info.plist */ = {isa = PBXFileReference; lastKnownFileType = text.plist.xml; path = Info.plist; sourceTree = "<group>"; };
		4A3067FA1BC6C7B400FA8A47 /* CoreLocation.framework */ = {isa = PBXFileReference; lastKnownFileType = wrapper.framework; name = CoreLocation.framework; path = System/Library/Frameworks/CoreLocation.framework; sourceTree = SDKROOT; };
		4A3067FC1BC6C7D100FA8A47 /* CoreFoundation.framework */ = {isa = PBXFileReference; lastKnownFileType = wrapper.framework; name = CoreFoundation.framework; path = System/Library/Frameworks/CoreFoundation.framework; sourceTree = SDKROOT; };
		4A3067FD1BC6C7D100FA8A47 /* Foundation.framework */ = {isa = PBXFileReference; lastKnownFileType = wrapper.framework; name = Foundation.framework; path = System/Library/Frameworks/Foundation.framework; sourceTree = SDKROOT; };
		4A48F8D01BD8F35F0048AA65 /* SettingsViewController.swift */ = {isa = PBXFileReference; fileEncoding = 4; lastKnownFileType = sourcecode.swift; path = SettingsViewController.swift; sourceTree = "<group>"; };
		EF25C7001BE15590007C8E24 /* Magnetometer.swift */ = {isa = PBXFileReference; fileEncoding = 4; lastKnownFileType = sourcecode.swift; path = Magnetometer.swift; sourceTree = "<group>"; };
		EF25C7021BE20C39007C8E24 /* Charts.xcodeproj */ = {isa = PBXFileReference; lastKnownFileType = "wrapper.pb-project"; name = Charts.xcodeproj; path = chartsIos/Charts/Charts.xcodeproj; sourceTree = "<group>"; };
/* End PBXFileReference section */

/* Begin PBXFrameworksBuildPhase section */
		4A3067E21BC6C75700FA8A47 /* Frameworks */ = {
			isa = PBXFrameworksBuildPhase;
			buildActionMask = 2147483647;
			files = (
				EF25C70E1BE533C8007C8E24 /* Charts.framework in Frameworks */,
			);
			runOnlyForDeploymentPostprocessing = 0;
		};
/* End PBXFrameworksBuildPhase section */

/* Begin PBXGroup section */
		4A3067DC1BC6C75700FA8A47 = {
			isa = PBXGroup;
			children = (
				EF25C7021BE20C39007C8E24 /* Charts.xcodeproj */,
				4A3067FC1BC6C7D100FA8A47 /* CoreFoundation.framework */,
				4A3067FD1BC6C7D100FA8A47 /* Foundation.framework */,
				4A3067FA1BC6C7B400FA8A47 /* CoreLocation.framework */,
				4A3067E71BC6C75700FA8A47 /* MyTeslaMeter */,
				4A3067E61BC6C75700FA8A47 /* Products */,
			);
			sourceTree = "<group>";
		};
		4A3067E61BC6C75700FA8A47 /* Products */ = {
			isa = PBXGroup;
			children = (
				4A3067E51BC6C75700FA8A47 /* MyTeslaMeter.app */,
			);
			name = Products;
			sourceTree = "<group>";
		};
		4A3067E71BC6C75700FA8A47 /* MyTeslaMeter */ = {
			isa = PBXGroup;
			children = (
				4A48F8D01BD8F35F0048AA65 /* SettingsViewController.swift */,
				4A3067E81BC6C75700FA8A47 /* AppDelegate.swift */,
				4A3067EA1BC6C75700FA8A47 /* ViewController.swift */,
				EF25C7001BE15590007C8E24 /* Magnetometer.swift */,
				4A3067EC1BC6C75700FA8A47 /* Main.storyboard */,
				4A3067EF1BC6C75700FA8A47 /* Assets.xcassets */,
				4A3067F11BC6C75700FA8A47 /* LaunchScreen.storyboard */,
				4A3067F41BC6C75700FA8A47 /* Info.plist */,
			);
			path = MyTeslaMeter;
			sourceTree = "<group>";
		};
		EF25C7031BE20C39007C8E24 /* Products */ = {
			isa = PBXGroup;
			children = (
				EF25C7091BE20C39007C8E24 /* Charts.framework */,
				EF25C70B1BE20C39007C8E24 /* Charts.framework */,
				EF25C70D1BE20C39007C8E24 /* ChartsTests.xctest */,
			);
			name = Products;
			sourceTree = "<group>";
		};
/* End PBXGroup section */

/* Begin PBXNativeTarget section */
		4A3067E41BC6C75700FA8A47 /* MyTeslaMeter */ = {
			isa = PBXNativeTarget;
			buildConfigurationList = 4A3067F71BC6C75700FA8A47 /* Build configuration list for PBXNativeTarget "MyTeslaMeter" */;
			buildPhases = (
				4A3067E11BC6C75700FA8A47 /* Sources */,
				4A3067E21BC6C75700FA8A47 /* Frameworks */,
				4A3067E31BC6C75700FA8A47 /* Resources */,
				EF25C7121BE533C8007C8E24 /* Embed Frameworks */,
			);
			buildRules = (
			);
			dependencies = (
				EF25C7111BE533C8007C8E24 /* PBXTargetDependency */,
			);
			name = MyTeslaMeter;
			productName = MyTeslaMeter;
			productReference = 4A3067E51BC6C75700FA8A47 /* MyTeslaMeter.app */;
			productType = "com.apple.product-type.application";
		};
/* End PBXNativeTarget section */

/* Begin PBXProject section */
		4A3067DD1BC6C75700FA8A47 /* Project object */ = {
			isa = PBXProject;
			attributes = {
				LastUpgradeCheck = 0700;
				ORGANIZATIONNAME = "Paweł Kapica";
				TargetAttributes = {
					4A3067E41BC6C75700FA8A47 = {
						CreatedOnToolsVersion = 7.0;
						DevelopmentTeam = QASWA68JWR;
					};
				};
			};
			buildConfigurationList = 4A3067E01BC6C75700FA8A47 /* Build configuration list for PBXProject "MyTeslaMeter" */;
			compatibilityVersion = "Xcode 3.2";
			developmentRegion = English;
			hasScannedForEncodings = 0;
			knownRegions = (
				en,
				Base,
			);
			mainGroup = 4A3067DC1BC6C75700FA8A47;
			productRefGroup = 4A3067E61BC6C75700FA8A47 /* Products */;
			projectDirPath = "";
			projectReferences = (
				{
					ProductGroup = EF25C7031BE20C39007C8E24 /* Products */;
					ProjectRef = EF25C7021BE20C39007C8E24 /* Charts.xcodeproj */;
				},
			);
			projectRoot = "";
			targets = (
				4A3067E41BC6C75700FA8A47 /* MyTeslaMeter */,
			);
		};
/* End PBXProject section */

/* Begin PBXReferenceProxy section */
		EF25C7091BE20C39007C8E24 /* Charts.framework */ = {
			isa = PBXReferenceProxy;
			fileType = wrapper.framework;
			path = Charts.framework;
			remoteRef = EF25C7081BE20C39007C8E24 /* PBXContainerItemProxy */;
			sourceTree = BUILT_PRODUCTS_DIR;
		};
		EF25C70B1BE20C39007C8E24 /* Charts.framework */ = {
			isa = PBXReferenceProxy;
			fileType = wrapper.framework;
			path = Charts.framework;
			remoteRef = EF25C70A1BE20C39007C8E24 /* PBXContainerItemProxy */;
			sourceTree = BUILT_PRODUCTS_DIR;
		};
		EF25C70D1BE20C39007C8E24 /* ChartsTests.xctest */ = {
			isa = PBXReferenceProxy;
			fileType = wrapper.cfbundle;
			path = ChartsTests.xctest;
			remoteRef = EF25C70C1BE20C39007C8E24 /* PBXContainerItemProxy */;
			sourceTree = BUILT_PRODUCTS_DIR;
		};
/* End PBXReferenceProxy section */

/* Begin PBXResourcesBuildPhase section */
		4A3067E31BC6C75700FA8A47 /* Resources */ = {
			isa = PBXResourcesBuildPhase;
			buildActionMask = 2147483647;
			files = (
				4A3067F31BC6C75700FA8A47 /* LaunchScreen.storyboard in Resources */,
				4A3067F01BC6C75700FA8A47 /* Assets.xcassets in Resources */,
				4A3067EE1BC6C75700FA8A47 /* Main.storyboard in Resources */,
			);
			runOnlyForDeploymentPostprocessing = 0;
		};
/* End PBXResourcesBuildPhase section */

/* Begin PBXSourcesBuildPhase section */
		4A3067E11BC6C75700FA8A47 /* Sources */ = {
			isa = PBXSourcesBuildPhase;
			buildActionMask = 2147483647;
			files = (
				4A3067EB1BC6C75700FA8A47 /* ViewController.swift in Sources */,
				EF25C7011BE15590007C8E24 /* Magnetometer.swift in Sources */,
				4A3067E91BC6C75700FA8A47 /* AppDelegate.swift in Sources */,
				4A48F8D11BD8F35F0048AA65 /* SettingsViewController.swift in Sources */,
			);
			runOnlyForDeploymentPostprocessing = 0;
		};
/* End PBXSourcesBuildPhase section */

/* Begin PBXTargetDependency section */
		EF25C7111BE533C8007C8E24 /* PBXTargetDependency */ = {
			isa = PBXTargetDependency;
			name = "Charts-iOS";
			targetProxy = EF25C7101BE533C8007C8E24 /* PBXContainerItemProxy */;
		};
/* End PBXTargetDependency section */

/* Begin PBXVariantGroup section */
		4A3067EC1BC6C75700FA8A47 /* Main.storyboard */ = {
			isa = PBXVariantGroup;
			children = (
				4A3067ED1BC6C75700FA8A47 /* Base */,
			);
			name = Main.storyboard;
			sourceTree = "<group>";
		};
		4A3067F11BC6C75700FA8A47 /* LaunchScreen.storyboard */ = {
			isa = PBXVariantGroup;
			children = (
				4A3067F21BC6C75700FA8A47 /* Base */,
			);
			name = LaunchScreen.storyboard;
			sourceTree = "<group>";
		};
/* End PBXVariantGroup section */

/* Begin XCBuildConfiguration section */
		4A3067F51BC6C75700FA8A47 /* Debug */ = {
			isa = XCBuildConfiguration;
			buildSettings = {
				ALWAYS_SEARCH_USER_PATHS = NO;
				CLANG_CXX_LANGUAGE_STANDARD = "gnu++0x";
				CLANG_CXX_LIBRARY = "libc++";
				CLANG_ENABLE_MODULES = YES;
				CLANG_ENABLE_OBJC_ARC = YES;
				CLANG_WARN_BOOL_CONVERSION = YES;
				CLANG_WARN_CONSTANT_CONVERSION = YES;
				CLANG_WARN_DIRECT_OBJC_ISA_USAGE = YES_ERROR;
				CLANG_WARN_EMPTY_BODY = YES;
				CLANG_WARN_ENUM_CONVERSION = YES;
				CLANG_WARN_INT_CONVERSION = YES;
				CLANG_WARN_OBJC_ROOT_CLASS = YES_ERROR;
				CLANG_WARN_UNREACHABLE_CODE = YES;
				CLANG_WARN__DUPLICATE_METHOD_MATCH = YES;
				"CODE_SIGN_IDENTITY[sdk=iphoneos*]" = "iPhone Developer";
				COPY_PHASE_STRIP = NO;
				DEBUG_INFORMATION_FORMAT = dwarf;
				ENABLE_STRICT_OBJC_MSGSEND = YES;
				ENABLE_TESTABILITY = YES;
				GCC_C_LANGUAGE_STANDARD = gnu99;
				GCC_DYNAMIC_NO_PIC = NO;
				GCC_NO_COMMON_BLOCKS = YES;
				GCC_OPTIMIZATION_LEVEL = 0;
				GCC_PREPROCESSOR_DEFINITIONS = (
					"DEBUG=1",
					"$(inherited)",
				);
				GCC_WARN_64_TO_32_BIT_CONVERSION = YES;
				GCC_WARN_ABOUT_RETURN_TYPE = YES_ERROR;
				GCC_WARN_UNDECLARED_SELECTOR = YES;
				GCC_WARN_UNINITIALIZED_AUTOS = YES_AGGRESSIVE;
				GCC_WARN_UNUSED_FUNCTION = YES;
				GCC_WARN_UNUSED_VARIABLE = YES;
				IPHONEOS_DEPLOYMENT_TARGET = 9.0;
				MTL_ENABLE_DEBUG_INFO = YES;
				ONLY_ACTIVE_ARCH = YES;
				SDKROOT = iphoneos;
				SWIFT_OPTIMIZATION_LEVEL = "-Onone";
			};
			name = Debug;
		};
		4A3067F61BC6C75700FA8A47 /* Release */ = {
			isa = XCBuildConfiguration;
			buildSettings = {
				ALWAYS_SEARCH_USER_PATHS = NO;
				CLANG_CXX_LANGUAGE_STANDARD = "gnu++0x";
				CLANG_CXX_LIBRARY = "libc++";
				CLANG_ENABLE_MODULES = YES;
				CLANG_ENABLE_OBJC_ARC = YES;
				CLANG_WARN_BOOL_CONVERSION = YES;
				CLANG_WARN_CONSTANT_CONVERSION = YES;
				CLANG_WARN_DIRECT_OBJC_ISA_USAGE = YES_ERROR;
				CLANG_WARN_EMPTY_BODY = YES;
				CLANG_WARN_ENUM_CONVERSION = YES;
				CLANG_WARN_INT_CONVERSION = YES;
				CLANG_WARN_OBJC_ROOT_CLASS = YES_ERROR;
				CLANG_WARN_UNREACHABLE_CODE = YES;
				CLANG_WARN__DUPLICATE_METHOD_MATCH = YES;
				"CODE_SIGN_IDENTITY[sdk=iphoneos*]" = "iPhone Developer";
				COPY_PHASE_STRIP = NO;
				DEBUG_INFORMATION_FORMAT = "dwarf-with-dsym";
				ENABLE_NS_ASSERTIONS = NO;
				ENABLE_STRICT_OBJC_MSGSEND = YES;
				GCC_C_LANGUAGE_STANDARD = gnu99;
				GCC_NO_COMMON_BLOCKS = YES;
				GCC_WARN_64_TO_32_BIT_CONVERSION = YES;
				GCC_WARN_ABOUT_RETURN_TYPE = YES_ERROR;
				GCC_WARN_UNDECLARED_SELECTOR = YES;
				GCC_WARN_UNINITIALIZED_AUTOS = YES_AGGRESSIVE;
				GCC_WARN_UNUSED_FUNCTION = YES;
				GCC_WARN_UNUSED_VARIABLE = YES;
				IPHONEOS_DEPLOYMENT_TARGET = 9.0;
				MTL_ENABLE_DEBUG_INFO = NO;
				SDKROOT = iphoneos;
				VALIDATE_PRODUCT = YES;
			};
			name = Release;
		};
		4A3067F81BC6C75700FA8A47 /* Debug */ = {
			isa = XCBuildConfiguration;
			buildSettings = {
				ASSETCATALOG_COMPILER_APPICON_NAME = AppIcon;
				CODE_SIGN_IDENTITY = "iPhone Developer";
				"CODE_SIGN_IDENTITY[sdk=iphoneos*]" = "iPhone Developer";
				EMBEDDED_CONTENT_CONTAINS_SWIFT = YES;
				INFOPLIST_FILE = MyTeslaMeter/Info.plist;
				LD_RUNPATH_SEARCH_PATHS = "$(inherited) @executable_path/Frameworks";
				PRODUCT_BUNDLE_IDENTIFIER = mzalewska.MyTeslaMeter;
				PRODUCT_NAME = "$(TARGET_NAME)";
				PROVISIONING_PROFILE = "";
			};
			name = Debug;
		};
		4A3067F91BC6C75700FA8A47 /* Release */ = {
			isa = XCBuildConfiguration;
			buildSettings = {
				ASSETCATALOG_COMPILER_APPICON_NAME = AppIcon;
				CODE_SIGN_IDENTITY = "iPhone Developer";
				"CODE_SIGN_IDENTITY[sdk=iphoneos*]" = "iPhone Developer";
				EMBEDDED_CONTENT_CONTAINS_SWIFT = YES;
				INFOPLIST_FILE = MyTeslaMeter/Info.plist;
				LD_RUNPATH_SEARCH_PATHS = "$(inherited) @executable_path/Frameworks";
				PRODUCT_BUNDLE_IDENTIFIER = mzalewska.MyTeslaMeter;
				PRODUCT_NAME = "$(TARGET_NAME)";
				PROVISIONING_PROFILE = "";
			};
			name = Release;
		};
/* End XCBuildConfiguration section */

/* Begin XCConfigurationList section */
		4A3067E01BC6C75700FA8A47 /* Build configuration list for PBXProject "MyTeslaMeter" */ = {
			isa = XCConfigurationList;
			buildConfigurations = (
				4A3067F51BC6C75700FA8A47 /* Debug */,
				4A3067F61BC6C75700FA8A47 /* Release */,
			);
			defaultConfigurationIsVisible = 0;
			defaultConfigurationName = Release;
		};
		4A3067F71BC6C75700FA8A47 /* Build configuration list for PBXNativeTarget "MyTeslaMeter" */ = {
			isa = XCConfigurationList;
			buildConfigurations = (
				4A3067F81BC6C75700FA8A47 /* Debug */,
				4A3067F91BC6C75700FA8A47 /* Release */,
			);
			defaultConfigurationIsVisible = 0;
			defaultConfigurationName = Release;
		};
/* End XCConfigurationList section */
	};
	rootObject = 4A3067DD1BC6C75700FA8A47 /* Project object */;
}
